
Microsoft Visual Studio Solution File, Format Version 12.00
# Visual Studio Version 16
VisualStudioVersion = 16.0.30413.136
MinimumVisualStudioVersion = 10.0.40219.1
Project("{FAE04EC0-301F-11D3-BF4B-00C04F79EFBC}") = "StopWatch", "StopWatch\StopWatch.csproj", "{4B2A2217-460B-4D3F-93C5-7E22329F9D52}"
EndProject
Global
	GlobalSection(SolutionConfigurationPlatforms) = preSolution
		Debug|Any CPU = Debug|Any CPU
		Release|Any CPU = Release|Any CPU
	EndGlobalSection
	GlobalSection(ProjectConfigurationPlatforms) = postSolution
		{4B2A2217-460B-4D3F-93C5-7E22329F9D52}.Debug|Any CPU.ActiveCfg = Debug|Any CPU
		{4B2A2217-460B-4D3F-93C5-7E22329F9D52}.Debug|Any CPU.Build.0 = Debug|Any CPU
		{4B2A2217-460B-4D3F-93C5-7E22329F9D52}.Release|Any CPU.ActiveCfg = Release|Any CPU
		{4B2A2217-460B-4D3F-93C5-7E22329F9D52}.Release|Any CPU.Build.0 = Release|Any CPU
	EndGlobalSection
	GlobalSection(SolutionProperties) = preSolution
		HideSolutionNode = FALSE
	EndGlobalSection
	GlobalSection(ExtensibilityGlobals) = postSolution
		SolutionGuid = {1F20EE35-E502-44A0-9342-623613730C1B}
	EndGlobalSection
EndGlobal
